
Microsoft Visual Studio Solution File, Format Version 12.00
# Visual Studio 14
VisualStudioVersion = 14.0.25123.0
MinimumVisualStudioVersion = 10.0.40219.1
Project("{FAE04EC0-301F-11D3-BF4B-00C04F79EFBC}") = "Nuclei", "Nuclei\Nuclei.csproj", "{7C12C611-1780-4E93-9B0E-B806B738559D}"
EndProject
Project("{2150E333-8FDC-42A3-9474-1A3956D46DE8}") = "Solution Items", "Solution Items", "{0245F9D1-9F8D-43AA-8C61-69370002790D}"
	ProjectSection(SolutionItems) = preProject
		..\.gitattributes = ..\.gitattributes
		..\.gitignore = ..\.gitignore
		..\LICENSE.md = ..\LICENSE.md
		..\README.md = ..\README.md
		..\Settings.StyleCop = ..\Settings.StyleCop
	EndProjectSection
EndProject
Project("{FAE04EC0-301F-11D3-BF4B-00C04F79EFBC}") = "Test.Unit.Nuclei", "test.unit.Nuclei\Test.Unit.Nuclei.csproj", "{0FA80344-F6F5-4D93-8D1E-249456D6A6B7}"
EndProject
Project("{2150E333-8FDC-42A3-9474-1A3956D46DE8}") = ".nuget", ".nuget", "{FE08C557-2C2F-409C-A106-C12F6A6E8C40}"
	ProjectSection(SolutionItems) = preProject
		.nuget\packages.config = .nuget\packages.config
	EndProjectSection
EndProject
Project("{2150E333-8FDC-42A3-9474-1A3956D46DE8}") = "build", "build", "{525FF8D6-BF44-4BEB-BEF4-DD767DC0E722}"
	ProjectSection(SolutionItems) = preProject
		..\build.onerror.msbuild = ..\build.onerror.msbuild
		..\build.preparesourcepackages.msbuild = ..\build.preparesourcepackages.msbuild
		..\nuclei.msbuild = ..\nuclei.msbuild
		..\nuget.config = ..\nuget.config
		..\packages.config = ..\packages.config
		..\settings.props = ..\settings.props
	EndProjectSection
EndProject
Global
	GlobalSection(SolutionConfigurationPlatforms) = preSolution
		Debug|Any CPU = Debug|Any CPU
		Deploy|Any CPU = Deploy|Any CPU
		Release|Any CPU = Release|Any CPU
	EndGlobalSection
	GlobalSection(ProjectConfigurationPlatforms) = postSolution
		{7C12C611-1780-4E93-9B0E-B806B738559D}.Debug|Any CPU.ActiveCfg = Debug|Any CPU
		{7C12C611-1780-4E93-9B0E-B806B738559D}.Debug|Any CPU.Build.0 = Debug|Any CPU
		{7C12C611-1780-4E93-9B0E-B806B738559D}.Deploy|Any CPU.ActiveCfg = Deploy|Any CPU
		{7C12C611-1780-4E93-9B0E-B806B738559D}.Deploy|Any CPU.Build.0 = Deploy|Any CPU
		{7C12C611-1780-4E93-9B0E-B806B738559D}.Release|Any CPU.ActiveCfg = Release|Any CPU
		{7C12C611-1780-4E93-9B0E-B806B738559D}.Release|Any CPU.Build.0 = Release|Any CPU
		{0FA80344-F6F5-4D93-8D1E-249456D6A6B7}.Debug|Any CPU.ActiveCfg = Debug|Any CPU
		{0FA80344-F6F5-4D93-8D1E-249456D6A6B7}.Debug|Any CPU.Build.0 = Debug|Any CPU
		{0FA80344-F6F5-4D93-8D1E-249456D6A6B7}.Deploy|Any CPU.ActiveCfg = Deploy|Any CPU
		{0FA80344-F6F5-4D93-8D1E-249456D6A6B7}.Release|Any CPU.ActiveCfg = Release|Any CPU
		{0FA80344-F6F5-4D93-8D1E-249456D6A6B7}.Release|Any CPU.Build.0 = Release|Any CPU
	EndGlobalSection
	GlobalSection(SolutionProperties) = preSolution
		HideSolutionNode = FALSE
	EndGlobalSection
EndGlobal
